// !$*UTF8*$!
{
	archiveVersion = 1;
	classes = {
	};
	objectVersion = 51;
	objects = {

/* Begin PBXBuildFile section */
		909476806233E3DFC2EBBA69 /* Pods_WeatherApp.framework in Frameworks */ = {isa = PBXBuildFile; fileRef = 9364D655AD3A53DED562F0D0 /* Pods_WeatherApp.framework */; };
		C8A4813C1EACE3BDC2B99CC5 /* Pods_WeatherAppTests.framework in Frameworks */ = {isa = PBXBuildFile; fileRef = 5619EC3F045DEA257A1100CF /* Pods_WeatherAppTests.framework */; };
		DD801AA926E01E4A009B5DB0 /* RealmManager.swift in Sources */ = {isa = PBXBuildFile; fileRef = DD801AA826E01E4A009B5DB0 /* RealmManager.swift */; };
		DD801AAB26E01E6D009B5DB0 /* RealmError.swift in Sources */ = {isa = PBXBuildFile; fileRef = DD801AAA26E01E6D009B5DB0 /* RealmError.swift */; };
		DD801AAF26E01EFD009B5DB0 /* APIManager.swift in Sources */ = {isa = PBXBuildFile; fileRef = DD801AAE26E01EFD009B5DB0 /* APIManager.swift */; };
		DD801AB126E01F2B009B5DB0 /* NetworkErrors.swift in Sources */ = {isa = PBXBuildFile; fileRef = DD801AB026E01F2B009B5DB0 /* NetworkErrors.swift */; };
		DD801AB326E01F4D009B5DB0 /* NetworkConstant.swift in Sources */ = {isa = PBXBuildFile; fileRef = DD801AB226E01F4D009B5DB0 /* NetworkConstant.swift */; };
		DD801AB526E01F73009B5DB0 /* URLRequestBuilder.swift in Sources */ = {isa = PBXBuildFile; fileRef = DD801AB426E01F73009B5DB0 /* URLRequestBuilder.swift */; };
		DD801AB826E02074009B5DB0 /* WeatherListModel.swift in Sources */ = {isa = PBXBuildFile; fileRef = DD801AB726E02074009B5DB0 /* WeatherListModel.swift */; };
		DD801ABA26E0A4D5009B5DB0 /* WeatherListData.json in Resources */ = {isa = PBXBuildFile; fileRef = DD801AB926E0A4D5009B5DB0 /* WeatherListData.json */; };
		DD801ABD26E0A50C009B5DB0 /* WeatherListModelTest.swift in Sources */ = {isa = PBXBuildFile; fileRef = DD801ABC26E0A50C009B5DB0 /* WeatherListModelTest.swift */; };
		DD801AC026E0A617009B5DB0 /* DecodingData.swift in Sources */ = {isa = PBXBuildFile; fileRef = DD801ABF26E0A617009B5DB0 /* DecodingData.swift */; };
		DD801AC326E0A71D009B5DB0 /* WeatherListModel.swift in Sources */ = {isa = PBXBuildFile; fileRef = DD801AC226E0A71D009B5DB0 /* WeatherListModel.swift */; };
		DD801AC526E0AB33009B5DB0 /* LocalPersistenceWeatherGetwayTest.swift in Sources */ = {isa = PBXBuildFile; fileRef = DD801AC426E0AB33009B5DB0 /* LocalPersistenceWeatherGetwayTest.swift */; };
		DD801AC726E0AB4B009B5DB0 /* LocalPersistenceWeatherGetway.swift in Sources */ = {isa = PBXBuildFile; fileRef = DD801AC626E0AB4B009B5DB0 /* LocalPersistenceWeatherGetway.swift */; };
		DD801ACA26E0AB8B009B5DB0 /* WeatherGateway.swift in Sources */ = {isa = PBXBuildFile; fileRef = DD801AC926E0AB8B009B5DB0 /* WeatherGateway.swift */; };
		DDDE9FF226DE86410018D59A /* AppDelegate.swift in Sources */ = {isa = PBXBuildFile; fileRef = DDDE9FF126DE86410018D59A /* AppDelegate.swift */; };
		DDDE9FFB26DE86430018D59A /* Assets.xcassets in Resources */ = {isa = PBXBuildFile; fileRef = DDDE9FFA26DE86430018D59A /* Assets.xcassets */; };
		DDDE9FFE26DE86430018D59A /* LaunchScreen.storyboard in Resources */ = {isa = PBXBuildFile; fileRef = DDDE9FFC26DE86430018D59A /* LaunchScreen.storyboard */; };
		DDDEA02E26DE8BE00018D59A /* WeatherList.swift in Sources */ = {isa = PBXBuildFile; fileRef = DDDEA02C26DE8BE00018D59A /* WeatherList.swift */; };
		DDDEA02F26DE8BE00018D59A /* WeatherList.xib in Resources */ = {isa = PBXBuildFile; fileRef = DDDEA02D26DE8BE00018D59A /* WeatherList.xib */; };
		DDDEA03326DE8C790018D59A /* WeatherDetails.swift in Sources */ = {isa = PBXBuildFile; fileRef = DDDEA03126DE8C790018D59A /* WeatherDetails.swift */; };
		DDDEA03426DE8C790018D59A /* WeatherDetails.xib in Resources */ = {isa = PBXBuildFile; fileRef = DDDEA03226DE8C790018D59A /* WeatherDetails.xib */; };
		DDDEA03826DE8D200018D59A /* WeatherItemCell.swift in Sources */ = {isa = PBXBuildFile; fileRef = DDDEA03626DE8D200018D59A /* WeatherItemCell.swift */; };
		DDDEA03926DE8D200018D59A /* WeatherItemCell.xib in Resources */ = {isa = PBXBuildFile; fileRef = DDDEA03726DE8D200018D59A /* WeatherItemCell.xib */; };
		DDDEA03C26DE8D3C0018D59A /* UIView+Extension.swift in Sources */ = {isa = PBXBuildFile; fileRef = DDDEA03B26DE8D3C0018D59A /* UIView+Extension.swift */; };
		DDDEA03E26DE8FC50018D59A /* TableView+Extension.swift in Sources */ = {isa = PBXBuildFile; fileRef = DDDEA03D26DE8FC50018D59A /* TableView+Extension.swift */; };
/* End PBXBuildFile section */

/* Begin PBXContainerItemProxy section */
		DDDEA00526DE86440018D59A /* PBXContainerItemProxy */ = {
			isa = PBXContainerItemProxy;
			containerPortal = DDDE9FE626DE86410018D59A /* Project object */;
			proxyType = 1;
			remoteGlobalIDString = DDDE9FED26DE86410018D59A;
			remoteInfo = WeatherApp;
		};
/* End PBXContainerItemProxy section */

/* Begin PBXFileReference section */
		0900C1136F28C93ED11535BE /* Pods-WeatherApp.debug.xcconfig */ = {isa = PBXFileReference; includeInIndex = 1; lastKnownFileType = text.xcconfig; name = "Pods-WeatherApp.debug.xcconfig"; path = "Target Support Files/Pods-WeatherApp/Pods-WeatherApp.debug.xcconfig"; sourceTree = "<group>"; };
		32F8491CB7CC017DB7A354EB /* Pods-WeatherAppTests.debug.xcconfig */ = {isa = PBXFileReference; includeInIndex = 1; lastKnownFileType = text.xcconfig; name = "Pods-WeatherAppTests.debug.xcconfig"; path = "Target Support Files/Pods-WeatherAppTests/Pods-WeatherAppTests.debug.xcconfig"; sourceTree = "<group>"; };
		5619EC3F045DEA257A1100CF /* Pods_WeatherAppTests.framework */ = {isa = PBXFileReference; explicitFileType = wrapper.framework; includeInIndex = 0; path = Pods_WeatherAppTests.framework; sourceTree = BUILT_PRODUCTS_DIR; };
		9364D655AD3A53DED562F0D0 /* Pods_WeatherApp.framework */ = {isa = PBXFileReference; explicitFileType = wrapper.framework; includeInIndex = 0; path = Pods_WeatherApp.framework; sourceTree = BUILT_PRODUCTS_DIR; };
		BAD3AA44C7D7CBE418A11055 /* Pods-WeatherApp.release.xcconfig */ = {isa = PBXFileReference; includeInIndex = 1; lastKnownFileType = text.xcconfig; name = "Pods-WeatherApp.release.xcconfig"; path = "Target Support Files/Pods-WeatherApp/Pods-WeatherApp.release.xcconfig"; sourceTree = "<group>"; };
		DD801AA826E01E4A009B5DB0 /* RealmManager.swift */ = {isa = PBXFileReference; lastKnownFileType = sourcecode.swift; path = RealmManager.swift; sourceTree = "<group>"; };
		DD801AAA26E01E6D009B5DB0 /* RealmError.swift */ = {isa = PBXFileReference; lastKnownFileType = sourcecode.swift; path = RealmError.swift; sourceTree = "<group>"; };
		DD801AAE26E01EFD009B5DB0 /* APIManager.swift */ = {isa = PBXFileReference; lastKnownFileType = sourcecode.swift; path = APIManager.swift; sourceTree = "<group>"; };
		DD801AB026E01F2B009B5DB0 /* NetworkErrors.swift */ = {isa = PBXFileReference; lastKnownFileType = sourcecode.swift; path = NetworkErrors.swift; sourceTree = "<group>"; };
		DD801AB226E01F4D009B5DB0 /* NetworkConstant.swift */ = {isa = PBXFileReference; lastKnownFileType = sourcecode.swift; path = NetworkConstant.swift; sourceTree = "<group>"; };
		DD801AB426E01F73009B5DB0 /* URLRequestBuilder.swift */ = {isa = PBXFileReference; lastKnownFileType = sourcecode.swift; path = URLRequestBuilder.swift; sourceTree = "<group>"; };
		DD801AB726E02074009B5DB0 /* WeatherListModel.swift */ = {isa = PBXFileReference; lastKnownFileType = sourcecode.swift; path = WeatherListModel.swift; sourceTree = "<group>"; };
		DD801AB926E0A4D5009B5DB0 /* WeatherListData.json */ = {isa = PBXFileReference; lastKnownFileType = text.json; path = WeatherListData.json; sourceTree = "<group>"; };
		DD801ABC26E0A50C009B5DB0 /* WeatherListModelTest.swift */ = {isa = PBXFileReference; lastKnownFileType = sourcecode.swift; path = WeatherListModelTest.swift; sourceTree = "<group>"; };
		DD801ABF26E0A617009B5DB0 /* DecodingData.swift */ = {isa = PBXFileReference; lastKnownFileType = sourcecode.swift; path = DecodingData.swift; sourceTree = "<group>"; };
		DD801AC226E0A71D009B5DB0 /* WeatherListModel.swift */ = {isa = PBXFileReference; lastKnownFileType = sourcecode.swift; path = WeatherListModel.swift; sourceTree = "<group>"; };
		DD801AC426E0AB33009B5DB0 /* LocalPersistenceWeatherGetwayTest.swift */ = {isa = PBXFileReference; lastKnownFileType = sourcecode.swift; path = LocalPersistenceWeatherGetwayTest.swift; sourceTree = "<group>"; };
		DD801AC626E0AB4B009B5DB0 /* LocalPersistenceWeatherGetway.swift */ = {isa = PBXFileReference; lastKnownFileType = sourcecode.swift; path = LocalPersistenceWeatherGetway.swift; sourceTree = "<group>"; };
		DD801AC926E0AB8B009B5DB0 /* WeatherGateway.swift */ = {isa = PBXFileReference; lastKnownFileType = sourcecode.swift; path = WeatherGateway.swift; sourceTree = "<group>"; };
		DDDE9FEE26DE86410018D59A /* WeatherApp.app */ = {isa = PBXFileReference; explicitFileType = wrapper.application; includeInIndex = 0; path = WeatherApp.app; sourceTree = BUILT_PRODUCTS_DIR; };
		DDDE9FF126DE86410018D59A /* AppDelegate.swift */ = {isa = PBXFileReference; lastKnownFileType = sourcecode.swift; path = AppDelegate.swift; sourceTree = "<group>"; };
		DDDE9FFA26DE86430018D59A /* Assets.xcassets */ = {isa = PBXFileReference; lastKnownFileType = folder.assetcatalog; path = Assets.xcassets; sourceTree = "<group>"; };
		DDDE9FFD26DE86430018D59A /* Base */ = {isa = PBXFileReference; lastKnownFileType = file.storyboard; name = Base; path = Base.lproj/LaunchScreen.storyboard; sourceTree = "<group>"; };
		DDDE9FFF26DE86430018D59A /* Info.plist */ = {isa = PBXFileReference; lastKnownFileType = text.plist.xml; path = Info.plist; sourceTree = "<group>"; };
		DDDEA00426DE86440018D59A /* WeatherAppTests.xctest */ = {isa = PBXFileReference; explicitFileType = wrapper.cfbundle; includeInIndex = 0; path = WeatherAppTests.xctest; sourceTree = BUILT_PRODUCTS_DIR; };
		DDDEA00A26DE86440018D59A /* Info.plist */ = {isa = PBXFileReference; lastKnownFileType = text.plist.xml; path = Info.plist; sourceTree = "<group>"; };
		DDDEA02C26DE8BE00018D59A /* WeatherList.swift */ = {isa = PBXFileReference; lastKnownFileType = sourcecode.swift; path = WeatherList.swift; sourceTree = "<group>"; };
		DDDEA02D26DE8BE00018D59A /* WeatherList.xib */ = {isa = PBXFileReference; lastKnownFileType = file.xib; path = WeatherList.xib; sourceTree = "<group>"; };
		DDDEA03126DE8C790018D59A /* WeatherDetails.swift */ = {isa = PBXFileReference; lastKnownFileType = sourcecode.swift; path = WeatherDetails.swift; sourceTree = "<group>"; };
		DDDEA03226DE8C790018D59A /* WeatherDetails.xib */ = {isa = PBXFileReference; lastKnownFileType = file.xib; path = WeatherDetails.xib; sourceTree = "<group>"; };
		DDDEA03626DE8D200018D59A /* WeatherItemCell.swift */ = {isa = PBXFileReference; lastKnownFileType = sourcecode.swift; path = WeatherItemCell.swift; sourceTree = "<group>"; };
		DDDEA03726DE8D200018D59A /* WeatherItemCell.xib */ = {isa = PBXFileReference; lastKnownFileType = file.xib; path = WeatherItemCell.xib; sourceTree = "<group>"; };
		DDDEA03B26DE8D3C0018D59A /* UIView+Extension.swift */ = {isa = PBXFileReference; lastKnownFileType = sourcecode.swift; path = "UIView+Extension.swift"; sourceTree = "<group>"; };
		DDDEA03D26DE8FC50018D59A /* TableView+Extension.swift */ = {isa = PBXFileReference; lastKnownFileType = sourcecode.swift; path = "TableView+Extension.swift"; sourceTree = "<group>"; };
		EEE3581B76418E89C15BFDA8 /* Pods-WeatherAppTests.release.xcconfig */ = {isa = PBXFileReference; includeInIndex = 1; lastKnownFileType = text.xcconfig; name = "Pods-WeatherAppTests.release.xcconfig"; path = "Target Support Files/Pods-WeatherAppTests/Pods-WeatherAppTests.release.xcconfig"; sourceTree = "<group>"; };
/* End PBXFileReference section */

/* Begin PBXFrameworksBuildPhase section */
		DDDE9FEB26DE86410018D59A /* Frameworks */ = {
			isa = PBXFrameworksBuildPhase;
			buildActionMask = 2147483647;
			files = (
				909476806233E3DFC2EBBA69 /* Pods_WeatherApp.framework in Frameworks */,
			);
			runOnlyForDeploymentPostprocessing = 0;
		};
		DDDEA00126DE86440018D59A /* Frameworks */ = {
			isa = PBXFrameworksBuildPhase;
			buildActionMask = 2147483647;
			files = (
				C8A4813C1EACE3BDC2B99CC5 /* Pods_WeatherAppTests.framework in Frameworks */,
			);
			runOnlyForDeploymentPostprocessing = 0;
		};
/* End PBXFrameworksBuildPhase section */

/* Begin PBXGroup section */
		4C5704AC67CEF51747C105D3 /* Frameworks */ = {
			isa = PBXGroup;
			children = (
				9364D655AD3A53DED562F0D0 /* Pods_WeatherApp.framework */,
				5619EC3F045DEA257A1100CF /* Pods_WeatherAppTests.framework */,
			);
			name = Frameworks;
			sourceTree = "<group>";
		};
		C240EDBAB501F0A202A1C603 /* Pods */ = {
			isa = PBXGroup;
			children = (
				0900C1136F28C93ED11535BE /* Pods-WeatherApp.debug.xcconfig */,
				BAD3AA44C7D7CBE418A11055 /* Pods-WeatherApp.release.xcconfig */,
				32F8491CB7CC017DB7A354EB /* Pods-WeatherAppTests.debug.xcconfig */,
				EEE3581B76418E89C15BFDA8 /* Pods-WeatherAppTests.release.xcconfig */,
			);
			path = Pods;
			sourceTree = "<group>";
		};
		DD801AA026E01D80009B5DB0 /* Gateway */ = {
			isa = PBXGroup;
			children = (
				DD801AA226E01D9B009B5DB0 /* NetworkLayer */,
				DD801AA126E01D8D009B5DB0 /* Cashe */,
				DD801AA326E01DB2009B5DB0 /* LocalPersistenceLayer */,
			);
			path = Gateway;
			sourceTree = "<group>";
		};
		DD801AA126E01D8D009B5DB0 /* Cashe */ = {
			isa = PBXGroup;
			children = (
			);
			path = Cashe;
			sourceTree = "<group>";
		};
		DD801AA226E01D9B009B5DB0 /* NetworkLayer */ = {
			isa = PBXGroup;
			children = (
				DD801AAD26E01EE2009B5DB0 /* RequestBuilder */,
				DD801AAC26E01EC9009B5DB0 /* Gateways */,
			);
			path = NetworkLayer;
			sourceTree = "<group>";
		};
		DD801AA326E01DB2009B5DB0 /* LocalPersistenceLayer */ = {
			isa = PBXGroup;
			children = (
				DD801AA826E01E4A009B5DB0 /* RealmManager.swift */,
				DD801AAA26E01E6D009B5DB0 /* RealmError.swift */,
				DD801AC626E0AB4B009B5DB0 /* LocalPersistenceWeatherGetway.swift */,
			);
			path = LocalPersistenceLayer;
			sourceTree = "<group>";
		};
		DD801AA426E01DCB009B5DB0 /* GatewayTest */ = {
			isa = PBXGroup;
			children = (
				DD801AA526E01DE0009B5DB0 /* NetworkLayerTest */,
				DD801AA626E01DEF009B5DB0 /* CasheTest */,
				DD801AA726E01E02009B5DB0 /* LocalPersistenceLayerTest */,
			);
			path = GatewayTest;
			sourceTree = "<group>";
		};
		DD801AA526E01DE0009B5DB0 /* NetworkLayerTest */ = {
			isa = PBXGroup;
			children = (
			);
			path = NetworkLayerTest;
			sourceTree = "<group>";
		};
		DD801AA626E01DEF009B5DB0 /* CasheTest */ = {
			isa = PBXGroup;
			children = (
			);
			path = CasheTest;
			sourceTree = "<group>";
		};
		DD801AA726E01E02009B5DB0 /* LocalPersistenceLayerTest */ = {
			isa = PBXGroup;
			children = (
				DD801AC426E0AB33009B5DB0 /* LocalPersistenceWeatherGetwayTest.swift */,
			);
			path = LocalPersistenceLayerTest;
			sourceTree = "<group>";
		};
		DD801AAC26E01EC9009B5DB0 /* Gateways */ = {
			isa = PBXGroup;
			children = (
			);
			path = Gateways;
			sourceTree = "<group>";
		};
		DD801AAD26E01EE2009B5DB0 /* RequestBuilder */ = {
			isa = PBXGroup;
			children = (
				DD801AAE26E01EFD009B5DB0 /* APIManager.swift */,
				DD801AB026E01F2B009B5DB0 /* NetworkErrors.swift */,
				DD801AB226E01F4D009B5DB0 /* NetworkConstant.swift */,
				DD801AB426E01F73009B5DB0 /* URLRequestBuilder.swift */,
			);
			path = RequestBuilder;
			sourceTree = "<group>";
		};
		DD801AB626E0200F009B5DB0 /* Model */ = {
			isa = PBXGroup;
			children = (
				DD801AB726E02074009B5DB0 /* WeatherListModel.swift */,
				DD801AB926E0A4D5009B5DB0 /* WeatherListData.json */,
			);
			path = Model;
			sourceTree = "<group>";
		};
		DD801ABB26E0A4F3009B5DB0 /* ModelTest */ = {
			isa = PBXGroup;
			children = (
				DD801ABC26E0A50C009B5DB0 /* WeatherListModelTest.swift */,
			);
			path = ModelTest;
			sourceTree = "<group>";
		};
		DD801ABE26E0A584009B5DB0 /* Helper */ = {
			isa = PBXGroup;
			children = (
				DD801ABF26E0A617009B5DB0 /* DecodingData.swift */,
			);
			path = Helper;
			sourceTree = "<group>";
		};
		DD801AC126E0A6DB009B5DB0 /* Creators */ = {
			isa = PBXGroup;
			children = (
				DD801AC226E0A71D009B5DB0 /* WeatherListModel.swift */,
			);
			path = Creators;
			sourceTree = "<group>";
		};
		DD801AC826E0AB71009B5DB0 /* Gateways */ = {
			isa = PBXGroup;
			children = (
				DD801AC926E0AB8B009B5DB0 /* WeatherGateway.swift */,
			);
			path = Gateways;
			sourceTree = "<group>";
		};
		DDDE9FE526DE86410018D59A = {
			isa = PBXGroup;
			children = (
				DDDE9FF026DE86410018D59A /* WeatherApp */,
				DDDEA00726DE86440018D59A /* WeatherAppTests */,
				DDDE9FEF26DE86410018D59A /* Products */,
				C240EDBAB501F0A202A1C603 /* Pods */,
				4C5704AC67CEF51747C105D3 /* Frameworks */,
			);
			sourceTree = "<group>";
		};
		DDDE9FEF26DE86410018D59A /* Products */ = {
			isa = PBXGroup;
			children = (
				DDDE9FEE26DE86410018D59A /* WeatherApp.app */,
				DDDEA00426DE86440018D59A /* WeatherAppTests.xctest */,
			);
			name = Products;
			sourceTree = "<group>";
		};
		DDDE9FF026DE86410018D59A /* WeatherApp */ = {
			isa = PBXGroup;
			children = (
				DDDEA02326DE87880018D59A /* Resources */,
				DDDEA03A26DE8D290018D59A /* Extension */,
				DDDEA02226DE874E0018D59A /* Core */,
				DDDEA02126DE87130018D59A /* Configuration */,
				DD801AB626E0200F009B5DB0 /* Model */,
				DD801AA026E01D80009B5DB0 /* Gateway */,
				DDDEA02426DE8B2B0018D59A /* Sences */,
			);
			path = WeatherApp;
			sourceTree = "<group>";
		};
		DDDEA00726DE86440018D59A /* WeatherAppTests */ = {
			isa = PBXGroup;
			children = (
				DD801AC126E0A6DB009B5DB0 /* Creators */,
				DD801ABE26E0A584009B5DB0 /* Helper */,
				DD801ABB26E0A4F3009B5DB0 /* ModelTest */,
				DD801AA426E01DCB009B5DB0 /* GatewayTest */,
				DDDEA00A26DE86440018D59A /* Info.plist */,
			);
			path = WeatherAppTests;
			sourceTree = "<group>";
		};
		DDDEA02126DE87130018D59A /* Configuration */ = {
			isa = PBXGroup;
			children = (
				DDDE9FFF26DE86430018D59A /* Info.plist */,
			);
			path = Configuration;
			sourceTree = "<group>";
		};
		DDDEA02226DE874E0018D59A /* Core */ = {
			isa = PBXGroup;
			children = (
				DD801AC826E0AB71009B5DB0 /* Gateways */,
				DDDE9FF126DE86410018D59A /* AppDelegate.swift */,
			);
			path = Core;
			sourceTree = "<group>";
		};
		DDDEA02326DE87880018D59A /* Resources */ = {
			isa = PBXGroup;
			children = (
				DDDE9FFC26DE86430018D59A /* LaunchScreen.storyboard */,
				DDDE9FFA26DE86430018D59A /* Assets.xcassets */,
			);
			path = Resources;
			sourceTree = "<group>";
		};
		DDDEA02426DE8B2B0018D59A /* Sences */ = {
			isa = PBXGroup;
			children = (
				DDDEA02526DE8B420018D59A /* WeatherList */,
				DDDEA02626DE8B4C0018D59A /* WeatherDetails */,
			);
			path = Sences;
			sourceTree = "<group>";
		};
		DDDEA02526DE8B420018D59A /* WeatherList */ = {
			isa = PBXGroup;
			children = (
				DDDEA02726DE8B5D0018D59A /* View */,
			);
			path = WeatherList;
			sourceTree = "<group>";
		};
		DDDEA02626DE8B4C0018D59A /* WeatherDetails */ = {
			isa = PBXGroup;
			children = (
				DDDEA03026DE8C600018D59A /* View */,
			);
			path = WeatherDetails;
			sourceTree = "<group>";
		};
		DDDEA02726DE8B5D0018D59A /* View */ = {
			isa = PBXGroup;
			children = (
				DDDEA03526DE8D0A0018D59A /* Cells */,
				DDDEA02C26DE8BE00018D59A /* WeatherList.swift */,
				DDDEA02D26DE8BE00018D59A /* WeatherList.xib */,
			);
			path = View;
			sourceTree = "<group>";
		};
		DDDEA03026DE8C600018D59A /* View */ = {
			isa = PBXGroup;
			children = (
				DDDEA03126DE8C790018D59A /* WeatherDetails.swift */,
				DDDEA03226DE8C790018D59A /* WeatherDetails.xib */,
			);
			path = View;
			sourceTree = "<group>";
		};
		DDDEA03526DE8D0A0018D59A /* Cells */ = {
			isa = PBXGroup;
			children = (
				DDDEA03626DE8D200018D59A /* WeatherItemCell.swift */,
				DDDEA03726DE8D200018D59A /* WeatherItemCell.xib */,
			);
			path = Cells;
			sourceTree = "<group>";
		};
		DDDEA03A26DE8D290018D59A /* Extension */ = {
			isa = PBXGroup;
			children = (
				DDDEA03B26DE8D3C0018D59A /* UIView+Extension.swift */,
				DDDEA03D26DE8FC50018D59A /* TableView+Extension.swift */,
			);
			path = Extension;
			sourceTree = "<group>";
		};
/* End PBXGroup section */

/* Begin PBXNativeTarget section */
		DDDE9FED26DE86410018D59A /* WeatherApp */ = {
			isa = PBXNativeTarget;
			buildConfigurationList = DDDEA01826DE86440018D59A /* Build configuration list for PBXNativeTarget "WeatherApp" */;
			buildPhases = (
				5441CFC417E4882E1E308AFC /* [CP] Check Pods Manifest.lock */,
				DDDE9FEA26DE86410018D59A /* Sources */,
				DDDE9FEB26DE86410018D59A /* Frameworks */,
				DDDE9FEC26DE86410018D59A /* Resources */,
				8D7393FF4C7492E22DD1072C /* [CP] Embed Pods Frameworks */,
			);
			buildRules = (
			);
			dependencies = (
			);
			name = WeatherApp;
			productName = WeatherApp;
			productReference = DDDE9FEE26DE86410018D59A /* WeatherApp.app */;
			productType = "com.apple.product-type.application";
		};
		DDDEA00326DE86440018D59A /* WeatherAppTests */ = {
			isa = PBXNativeTarget;
			buildConfigurationList = DDDEA01B26DE86440018D59A /* Build configuration list for PBXNativeTarget "WeatherAppTests" */;
			buildPhases = (
				25B04E4655ED9DE3C996C10A /* [CP] Check Pods Manifest.lock */,
				DDDEA00026DE86440018D59A /* Sources */,
				DDDEA00126DE86440018D59A /* Frameworks */,
				DDDEA00226DE86440018D59A /* Resources */,
			);
			buildRules = (
			);
			dependencies = (
				DDDEA00626DE86440018D59A /* PBXTargetDependency */,
			);
			name = WeatherAppTests;
			productName = WeatherAppTests;
			productReference = DDDEA00426DE86440018D59A /* WeatherAppTests.xctest */;
			productType = "com.apple.product-type.bundle.unit-test";
		};
/* End PBXNativeTarget section */

/* Begin PBXProject section */
		DDDE9FE626DE86410018D59A /* Project object */ = {
			isa = PBXProject;
			attributes = {
				LastSwiftUpdateCheck = 1250;
				LastUpgradeCheck = 1250;
				TargetAttributes = {
					DDDE9FED26DE86410018D59A = {
						CreatedOnToolsVersion = 12.5.1;
					};
					DDDEA00326DE86440018D59A = {
						CreatedOnToolsVersion = 12.5.1;
						TestTargetID = DDDE9FED26DE86410018D59A;
					};
				};
			};
			buildConfigurationList = DDDE9FE926DE86410018D59A /* Build configuration list for PBXProject "WeatherApp" */;
			compatibilityVersion = "Xcode 9.3";
			developmentRegion = en;
			hasScannedForEncodings = 0;
			knownRegions = (
				en,
				Base,
			);
			mainGroup = DDDE9FE526DE86410018D59A;
			productRefGroup = DDDE9FEF26DE86410018D59A /* Products */;
			projectDirPath = "";
			projectRoot = "";
			targets = (
				DDDE9FED26DE86410018D59A /* WeatherApp */,
				DDDEA00326DE86440018D59A /* WeatherAppTests */,
			);
		};
/* End PBXProject section */

/* Begin PBXResourcesBuildPhase section */
		DDDE9FEC26DE86410018D59A /* Resources */ = {
			isa = PBXResourcesBuildPhase;
			buildActionMask = 2147483647;
			files = (
				DDDE9FFE26DE86430018D59A /* LaunchScreen.storyboard in Resources */,
				DDDEA03426DE8C790018D59A /* WeatherDetails.xib in Resources */,
				DD801ABA26E0A4D5009B5DB0 /* WeatherListData.json in Resources */,
				DDDEA03926DE8D200018D59A /* WeatherItemCell.xib in Resources */,
				DDDE9FFB26DE86430018D59A /* Assets.xcassets in Resources */,
				DDDEA02F26DE8BE00018D59A /* WeatherList.xib in Resources */,
			);
			runOnlyForDeploymentPostprocessing = 0;
		};
		DDDEA00226DE86440018D59A /* Resources */ = {
			isa = PBXResourcesBuildPhase;
			buildActionMask = 2147483647;
			files = (
			);
			runOnlyForDeploymentPostprocessing = 0;
		};
/* End PBXResourcesBuildPhase section */

/* Begin PBXShellScriptBuildPhase section */
		25B04E4655ED9DE3C996C10A /* [CP] Check Pods Manifest.lock */ = {
			isa = PBXShellScriptBuildPhase;
			buildActionMask = 2147483647;
			files = (
			);
			inputFileListPaths = (
			);
			inputPaths = (
				"${PODS_PODFILE_DIR_PATH}/Podfile.lock",
				"${PODS_ROOT}/Manifest.lock",
			);
			name = "[CP] Check Pods Manifest.lock";
			outputFileListPaths = (
			);
			outputPaths = (
				"$(DERIVED_FILE_DIR)/Pods-WeatherAppTests-checkManifestLockResult.txt",
			);
			runOnlyForDeploymentPostprocessing = 0;
			shellPath = /bin/sh;
			shellScript = "diff \"${PODS_PODFILE_DIR_PATH}/Podfile.lock\" \"${PODS_ROOT}/Manifest.lock\" > /dev/null\nif [ $? != 0 ] ; then\n    # print error to STDERR\n    echo \"error: The sandbox is not in sync with the Podfile.lock. Run 'pod install' or update your CocoaPods installation.\" >&2\n    exit 1\nfi\n# This output is used by Xcode 'outputs' to avoid re-running this script phase.\necho \"SUCCESS\" > \"${SCRIPT_OUTPUT_FILE_0}\"\n";
			showEnvVarsInLog = 0;
		};
		5441CFC417E4882E1E308AFC /* [CP] Check Pods Manifest.lock */ = {
			isa = PBXShellScriptBuildPhase;
			buildActionMask = 2147483647;
			files = (
			);
			inputFileListPaths = (
			);
			inputPaths = (
				"${PODS_PODFILE_DIR_PATH}/Podfile.lock",
				"${PODS_ROOT}/Manifest.lock",
			);
			name = "[CP] Check Pods Manifest.lock";
			outputFileListPaths = (
			);
			outputPaths = (
				"$(DERIVED_FILE_DIR)/Pods-WeatherApp-checkManifestLockResult.txt",
			);
			runOnlyForDeploymentPostprocessing = 0;
			shellPath = /bin/sh;
			shellScript = "diff \"${PODS_PODFILE_DIR_PATH}/Podfile.lock\" \"${PODS_ROOT}/Manifest.lock\" > /dev/null\nif [ $? != 0 ] ; then\n    # print error to STDERR\n    echo \"error: The sandbox is not in sync with the Podfile.lock. Run 'pod install' or update your CocoaPods installation.\" >&2\n    exit 1\nfi\n# This output is used by Xcode 'outputs' to avoid re-running this script phase.\necho \"SUCCESS\" > \"${SCRIPT_OUTPUT_FILE_0}\"\n";
			showEnvVarsInLog = 0;
		};
		8D7393FF4C7492E22DD1072C /* [CP] Embed Pods Frameworks */ = {
			isa = PBXShellScriptBuildPhase;
			buildActionMask = 2147483647;
			files = (
			);
			inputFileListPaths = (
				"${PODS_ROOT}/Target Support Files/Pods-WeatherApp/Pods-WeatherApp-frameworks-${CONFIGURATION}-input-files.xcfilelist",
			);
			name = "[CP] Embed Pods Frameworks";
			outputFileListPaths = (
				"${PODS_ROOT}/Target Support Files/Pods-WeatherApp/Pods-WeatherApp-frameworks-${CONFIGURATION}-output-files.xcfilelist",
			);
			runOnlyForDeploymentPostprocessing = 0;
			shellPath = /bin/sh;
			shellScript = "\"${PODS_ROOT}/Target Support Files/Pods-WeatherApp/Pods-WeatherApp-frameworks.sh\"\n";
			showEnvVarsInLog = 0;
		};
/* End PBXShellScriptBuildPhase section */

/* Begin PBXSourcesBuildPhase section */
		DDDE9FEA26DE86410018D59A /* Sources */ = {
			isa = PBXSourcesBuildPhase;
			buildActionMask = 2147483647;
			files = (
				DDDEA03326DE8C790018D59A /* WeatherDetails.swift in Sources */,
				DDDEA03E26DE8FC50018D59A /* TableView+Extension.swift in Sources */,
				DDDE9FF226DE86410018D59A /* AppDelegate.swift in Sources */,
				DD801AC726E0AB4B009B5DB0 /* LocalPersistenceWeatherGetway.swift in Sources */,
				DD801AAF26E01EFD009B5DB0 /* APIManager.swift in Sources */,
				DDDEA02E26DE8BE00018D59A /* WeatherList.swift in Sources */,
				DD801AB526E01F73009B5DB0 /* URLRequestBuilder.swift in Sources */,
				DDDEA03C26DE8D3C0018D59A /* UIView+Extension.swift in Sources */,
				DD801AA926E01E4A009B5DB0 /* RealmManager.swift in Sources */,
				DD801AB326E01F4D009B5DB0 /* NetworkConstant.swift in Sources */,
				DD801AB126E01F2B009B5DB0 /* NetworkErrors.swift in Sources */,
				DD801AAB26E01E6D009B5DB0 /* RealmError.swift in Sources */,
				DD801AB826E02074009B5DB0 /* WeatherListModel.swift in Sources */,
				DDDEA03826DE8D200018D59A /* WeatherItemCell.swift in Sources */,
				DD801ACA26E0AB8B009B5DB0 /* WeatherGateway.swift in Sources */,
			);
			runOnlyForDeploymentPostprocessing = 0;
		};
		DDDEA00026DE86440018D59A /* Sources */ = {
			isa = PBXSourcesBuildPhase;
			buildActionMask = 2147483647;
			files = (
				DD801AC026E0A617009B5DB0 /* DecodingData.swift in Sources */,
				DD801ABD26E0A50C009B5DB0 /* WeatherListModelTest.swift in Sources */,
				DD801AC326E0A71D009B5DB0 /* WeatherListModel.swift in Sources */,
				DD801AC526E0AB33009B5DB0 /* LocalPersistenceWeatherGetwayTest.swift in Sources */,
			);
			runOnlyForDeploymentPostprocessing = 0;
		};
/* End PBXSourcesBuildPhase section */

/* Begin PBXTargetDependency section */
		DDDEA00626DE86440018D59A /* PBXTargetDependency */ = {
			isa = PBXTargetDependency;
			target = DDDE9FED26DE86410018D59A /* WeatherApp */;
			targetProxy = DDDEA00526DE86440018D59A /* PBXContainerItemProxy */;
		};
/* End PBXTargetDependency section */

/* Begin PBXVariantGroup section */
		DDDE9FFC26DE86430018D59A /* LaunchScreen.storyboard */ = {
			isa = PBXVariantGroup;
			children = (
				DDDE9FFD26DE86430018D59A /* Base */,
			);
			name = LaunchScreen.storyboard;
			sourceTree = "<group>";
		};
/* End PBXVariantGroup section */

/* Begin XCBuildConfiguration section */
		DDDEA01626DE86440018D59A /* Debug */ = {
			isa = XCBuildConfiguration;
			buildSettings = {
				ALWAYS_SEARCH_USER_PATHS = NO;
				CLANG_ANALYZER_NONNULL = YES;
				CLANG_ANALYZER_NUMBER_OBJECT_CONVERSION = YES_AGGRESSIVE;
				CLANG_CXX_LANGUAGE_STANDARD = "gnu++14";
				CLANG_CXX_LIBRARY = "libc++";
				CLANG_ENABLE_MODULES = YES;
				CLANG_ENABLE_OBJC_ARC = YES;
				CLANG_ENABLE_OBJC_WEAK = YES;
				CLANG_WARN_BLOCK_CAPTURE_AUTORELEASING = YES;
				CLANG_WARN_BOOL_CONVERSION = YES;
				CLANG_WARN_COMMA = YES;
				CLANG_WARN_CONSTANT_CONVERSION = YES;
				CLANG_WARN_DEPRECATED_OBJC_IMPLEMENTATIONS = YES;
				CLANG_WARN_DIRECT_OBJC_ISA_USAGE = YES_ERROR;
				CLANG_WARN_DOCUMENTATION_COMMENTS = YES;
				CLANG_WARN_EMPTY_BODY = YES;
				CLANG_WARN_ENUM_CONVERSION = YES;
				CLANG_WARN_INFINITE_RECURSION = YES;
				CLANG_WARN_INT_CONVERSION = YES;
				CLANG_WARN_NON_LITERAL_NULL_CONVERSION = YES;
				CLANG_WARN_OBJC_IMPLICIT_RETAIN_SELF = YES;
				CLANG_WARN_OBJC_LITERAL_CONVERSION = YES;
				CLANG_WARN_OBJC_ROOT_CLASS = YES_ERROR;
				CLANG_WARN_QUOTED_INCLUDE_IN_FRAMEWORK_HEADER = YES;
				CLANG_WARN_RANGE_LOOP_ANALYSIS = YES;
				CLANG_WARN_STRICT_PROTOTYPES = YES;
				CLANG_WARN_SUSPICIOUS_MOVE = YES;
				CLANG_WARN_UNGUARDED_AVAILABILITY = YES_AGGRESSIVE;
				CLANG_WARN_UNREACHABLE_CODE = YES;
				CLANG_WARN__DUPLICATE_METHOD_MATCH = YES;
				COPY_PHASE_STRIP = NO;
				DEBUG_INFORMATION_FORMAT = dwarf;
				ENABLE_STRICT_OBJC_MSGSEND = YES;
				ENABLE_TESTABILITY = YES;
				GCC_C_LANGUAGE_STANDARD = gnu11;
				GCC_DYNAMIC_NO_PIC = NO;
				GCC_NO_COMMON_BLOCKS = YES;
				GCC_OPTIMIZATION_LEVEL = 0;
				GCC_PREPROCESSOR_DEFINITIONS = (
					"DEBUG=1",
					"$(inherited)",
				);
				GCC_WARN_64_TO_32_BIT_CONVERSION = YES;
				GCC_WARN_ABOUT_RETURN_TYPE = YES_ERROR;
				GCC_WARN_UNDECLARED_SELECTOR = YES;
				GCC_WARN_UNINITIALIZED_AUTOS = YES_AGGRESSIVE;
				GCC_WARN_UNUSED_FUNCTION = YES;
				GCC_WARN_UNUSED_VARIABLE = YES;
				IPHONEOS_DEPLOYMENT_TARGET = 14.5;
				MTL_ENABLE_DEBUG_INFO = INCLUDE_SOURCE;
				MTL_FAST_MATH = YES;
				ONLY_ACTIVE_ARCH = YES;
				SDKROOT = iphoneos;
				SWIFT_ACTIVE_COMPILATION_CONDITIONS = DEBUG;
				SWIFT_OPTIMIZATION_LEVEL = "-Onone";
			};
			name = Debug;
		};
		DDDEA01726DE86440018D59A /* Release */ = {
			isa = XCBuildConfiguration;
			buildSettings = {
				ALWAYS_SEARCH_USER_PATHS = NO;
				CLANG_ANALYZER_NONNULL = YES;
				CLANG_ANALYZER_NUMBER_OBJECT_CONVERSION = YES_AGGRESSIVE;
				CLANG_CXX_LANGUAGE_STANDARD = "gnu++14";
				CLANG_CXX_LIBRARY = "libc++";
				CLANG_ENABLE_MODULES = YES;
				CLANG_ENABLE_OBJC_ARC = YES;
				CLANG_ENABLE_OBJC_WEAK = YES;
				CLANG_WARN_BLOCK_CAPTURE_AUTORELEASING = YES;
				CLANG_WARN_BOOL_CONVERSION = YES;
				CLANG_WARN_COMMA = YES;
				CLANG_WARN_CONSTANT_CONVERSION = YES;
				CLANG_WARN_DEPRECATED_OBJC_IMPLEMENTATIONS = YES;
				CLANG_WARN_DIRECT_OBJC_ISA_USAGE = YES_ERROR;
				CLANG_WARN_DOCUMENTATION_COMMENTS = YES;
				CLANG_WARN_EMPTY_BODY = YES;
				CLANG_WARN_ENUM_CONVERSION = YES;
				CLANG_WARN_INFINITE_RECURSION = YES;
				CLANG_WARN_INT_CONVERSION = YES;
				CLANG_WARN_NON_LITERAL_NULL_CONVERSION = YES;
				CLANG_WARN_OBJC_IMPLICIT_RETAIN_SELF = YES;
				CLANG_WARN_OBJC_LITERAL_CONVERSION = YES;
				CLANG_WARN_OBJC_ROOT_CLASS = YES_ERROR;
				CLANG_WARN_QUOTED_INCLUDE_IN_FRAMEWORK_HEADER = YES;
				CLANG_WARN_RANGE_LOOP_ANALYSIS = YES;
				CLANG_WARN_STRICT_PROTOTYPES = YES;
				CLANG_WARN_SUSPICIOUS_MOVE = YES;
				CLANG_WARN_UNGUARDED_AVAILABILITY = YES_AGGRESSIVE;
				CLANG_WARN_UNREACHABLE_CODE = YES;
				CLANG_WARN__DUPLICATE_METHOD_MATCH = YES;
				COPY_PHASE_STRIP = NO;
				DEBUG_INFORMATION_FORMAT = "dwarf-with-dsym";
				ENABLE_NS_ASSERTIONS = NO;
				ENABLE_STRICT_OBJC_MSGSEND = YES;
				GCC_C_LANGUAGE_STANDARD = gnu11;
				GCC_NO_COMMON_BLOCKS = YES;
				GCC_WARN_64_TO_32_BIT_CONVERSION = YES;
				GCC_WARN_ABOUT_RETURN_TYPE = YES_ERROR;
				GCC_WARN_UNDECLARED_SELECTOR = YES;
				GCC_WARN_UNINITIALIZED_AUTOS = YES_AGGRESSIVE;
				GCC_WARN_UNUSED_FUNCTION = YES;
				GCC_WARN_UNUSED_VARIABLE = YES;
				IPHONEOS_DEPLOYMENT_TARGET = 14.5;
				MTL_ENABLE_DEBUG_INFO = NO;
				MTL_FAST_MATH = YES;
				SDKROOT = iphoneos;
				SWIFT_COMPILATION_MODE = wholemodule;
				SWIFT_OPTIMIZATION_LEVEL = "-O";
				VALIDATE_PRODUCT = YES;
			};
			name = Release;
		};
		DDDEA01926DE86440018D59A /* Debug */ = {
			isa = XCBuildConfiguration;
			baseConfigurationReference = 0900C1136F28C93ED11535BE /* Pods-WeatherApp.debug.xcconfig */;
			buildSettings = {
				ASSETCATALOG_COMPILER_APPICON_NAME = AppIcon;
				ASSETCATALOG_COMPILER_GLOBAL_ACCENT_COLOR_NAME = AccentColor;
				CODE_SIGN_STYLE = Automatic;
				DEVELOPMENT_TEAM = WJY9355V5F;
				INFOPLIST_FILE = WeatherApp/Configuration/Info.plist;
				LD_RUNPATH_SEARCH_PATHS = (
					"$(inherited)",
					"@executable_path/Frameworks",
				);
				PRODUCT_BUNDLE_IDENTIFIER = com.AmrSaeed.WeatherApp;
				PRODUCT_NAME = "$(TARGET_NAME)";
				SWIFT_VERSION = 5.0;
				TARGETED_DEVICE_FAMILY = 1;
			};
			name = Debug;
		};
		DDDEA01A26DE86440018D59A /* Release */ = {
			isa = XCBuildConfiguration;
			baseConfigurationReference = BAD3AA44C7D7CBE418A11055 /* Pods-WeatherApp.release.xcconfig */;
			buildSettings = {
				ASSETCATALOG_COMPILER_APPICON_NAME = AppIcon;
				ASSETCATALOG_COMPILER_GLOBAL_ACCENT_COLOR_NAME = AccentColor;
				CODE_SIGN_STYLE = Automatic;
				DEVELOPMENT_TEAM = WJY9355V5F;
				INFOPLIST_FILE = WeatherApp/Configuration/Info.plist;
				LD_RUNPATH_SEARCH_PATHS = (
					"$(inherited)",
					"@executable_path/Frameworks",
				);
				PRODUCT_BUNDLE_IDENTIFIER = com.AmrSaeed.WeatherApp;
				PRODUCT_NAME = "$(TARGET_NAME)";
				SWIFT_VERSION = 5.0;
				TARGETED_DEVICE_FAMILY = 1;
			};
			name = Release;
		};
		DDDEA01C26DE86440018D59A /* Debug */ = {
			isa = XCBuildConfiguration;
			baseConfigurationReference = 32F8491CB7CC017DB7A354EB /* Pods-WeatherAppTests.debug.xcconfig */;
			buildSettings = {
				ALWAYS_EMBED_SWIFT_STANDARD_LIBRARIES = YES;
				BUNDLE_LOADER = "$(TEST_HOST)";
				CODE_SIGN_STYLE = Automatic;
				DEVELOPMENT_TEAM = WJY9355V5F;
				INFOPLIST_FILE = WeatherAppTests/Info.plist;
				IPHONEOS_DEPLOYMENT_TARGET = 14.5;
				LD_RUNPATH_SEARCH_PATHS = (
					"$(inherited)",
					"@executable_path/Frameworks",
					"@loader_path/Frameworks",
				);
				PRODUCT_BUNDLE_IDENTIFIER = com.AmrSaeed.WeatherAppTests;
				PRODUCT_NAME = "$(TARGET_NAME)";
				SWIFT_VERSION = 5.0;
				TARGETED_DEVICE_FAMILY = "1,2";
				TEST_HOST = "$(BUILT_PRODUCTS_DIR)/WeatherApp.app/WeatherApp";
			};
			name = Debug;
		};
		DDDEA01D26DE86440018D59A /* Release */ = {
			isa = XCBuildConfiguration;
			baseConfigurationReference = EEE3581B76418E89C15BFDA8 /* Pods-WeatherAppTests.release.xcconfig */;
			buildSettings = {
				ALWAYS_EMBED_SWIFT_STANDARD_LIBRARIES = YES;
				BUNDLE_LOADER = "$(TEST_HOST)";
				CODE_SIGN_STYLE = Automatic;
				DEVELOPMENT_TEAM = WJY9355V5F;
				INFOPLIST_FILE = WeatherAppTests/Info.plist;
				IPHONEOS_DEPLOYMENT_TARGET = 14.5;
				LD_RUNPATH_SEARCH_PATHS = (
					"$(inherited)",
					"@executable_path/Frameworks",
					"@loader_path/Frameworks",
				);
				PRODUCT_BUNDLE_IDENTIFIER = com.AmrSaeed.WeatherAppTests;
				PRODUCT_NAME = "$(TARGET_NAME)";
				SWIFT_VERSION = 5.0;
				TARGETED_DEVICE_FAMILY = "1,2";
				TEST_HOST = "$(BUILT_PRODUCTS_DIR)/WeatherApp.app/WeatherApp";
			};
			name = Release;
		};
/* End XCBuildConfiguration section */

/* Begin XCConfigurationList section */
		DDDE9FE926DE86410018D59A /* Build configuration list for PBXProject "WeatherApp" */ = {
			isa = XCConfigurationList;
			buildConfigurations = (
				DDDEA01626DE86440018D59A /* Debug */,
				DDDEA01726DE86440018D59A /* Release */,
			);
			defaultConfigurationIsVisible = 0;
			defaultConfigurationName = Release;
		};
		DDDEA01826DE86440018D59A /* Build configuration list for PBXNativeTarget "WeatherApp" */ = {
			isa = XCConfigurationList;
			buildConfigurations = (
				DDDEA01926DE86440018D59A /* Debug */,
				DDDEA01A26DE86440018D59A /* Release */,
			);
			defaultConfigurationIsVisible = 0;
			defaultConfigurationName = Release;
		};
		DDDEA01B26DE86440018D59A /* Build configuration list for PBXNativeTarget "WeatherAppTests" */ = {
			isa = XCConfigurationList;
			buildConfigurations = (
				DDDEA01C26DE86440018D59A /* Debug */,
				DDDEA01D26DE86440018D59A /* Release */,
			);
			defaultConfigurationIsVisible = 0;
			defaultConfigurationName = Release;
		};
/* End XCConfigurationList section */
	};
	rootObject = DDDE9FE626DE86410018D59A /* Project object */;
}
